// !$*UTF8*$!
{
	archiveVersion = 1;
	classes = {
	};
	objectVersion = 46;
	objects = {

/* Begin PBXBuildFile section */
		95731C211CE07BEE00079267 /* AddViewController.m in Sources */ = {isa = PBXBuildFile; fileRef = 95731C201CE07BEE00079267 /* AddViewController.m */; };
		95731C241CE07C1900079267 /* ShowViewController.m in Sources */ = {isa = PBXBuildFile; fileRef = 95731C231CE07C1900079267 /* ShowViewController.m */; };
		95731C261CE07C9500079267 /* libsqlite3.tbd in Frameworks */ = {isa = PBXBuildFile; fileRef = 95731C251CE07C9500079267 /* libsqlite3.tbd */; };
		95731C2F1CE0A6A700079267 /* JKDBHelper.m in Sources */ = {isa = PBXBuildFile; fileRef = 95731C2C1CE0A6A700079267 /* JKDBHelper.m */; };
		95731C301CE0A6A700079267 /* JKDBModel.m in Sources */ = {isa = PBXBuildFile; fileRef = 95731C2E1CE0A6A700079267 /* JKDBModel.m */; };
		95731C3D1CE0A7EF00079267 /* FMDatabase.m in Sources */ = {isa = PBXBuildFile; fileRef = 95731C331CE0A7EF00079267 /* FMDatabase.m */; };
		95731C3E1CE0A7EF00079267 /* FMDatabaseAdditions.m in Sources */ = {isa = PBXBuildFile; fileRef = 95731C351CE0A7EF00079267 /* FMDatabaseAdditions.m */; };
		95731C3F1CE0A7EF00079267 /* FMDatabasePool.m in Sources */ = {isa = PBXBuildFile; fileRef = 95731C371CE0A7EF00079267 /* FMDatabasePool.m */; };
		95731C401CE0A7EF00079267 /* FMDatabaseQueue.m in Sources */ = {isa = PBXBuildFile; fileRef = 95731C391CE0A7EF00079267 /* FMDatabaseQueue.m */; };
		95731C411CE0A7EF00079267 /* FMResultSet.m in Sources */ = {isa = PBXBuildFile; fileRef = 95731C3C1CE0A7EF00079267 /* FMResultSet.m */; };
		95BA3F751CE056E500619AB4 /* main.m in Sources */ = {isa = PBXBuildFile; fileRef = 95BA3F741CE056E500619AB4 /* main.m */; };
		95BA3F781CE056E500619AB4 /* AppDelegate.m in Sources */ = {isa = PBXBuildFile; fileRef = 95BA3F771CE056E500619AB4 /* AppDelegate.m */; };
		95BA3F811CE056E500619AB4 /* HoneyTrading.xcdatamodeld in Sources */ = {isa = PBXBuildFile; fileRef = 95BA3F7F1CE056E500619AB4 /* HoneyTrading.xcdatamodeld */; };
		95BA3F831CE056E500619AB4 /* Assets.xcassets in Resources */ = {isa = PBXBuildFile; fileRef = 95BA3F821CE056E500619AB4 /* Assets.xcassets */; };
		95BA3F861CE056E500619AB4 /* LaunchScreen.storyboard in Resources */ = {isa = PBXBuildFile; fileRef = 95BA3F841CE056E500619AB4 /* LaunchScreen.storyboard */; };
		95BA3F8E1CE0575900619AB4 /* Main.storyboard in Resources */ = {isa = PBXBuildFile; fileRef = 95BA3F8D1CE0575900619AB4 /* Main.storyboard */; };
		95BA3F911CE0584300619AB4 /* HomeTableViewController.m in Sources */ = {isa = PBXBuildFile; fileRef = 95BA3F901CE0584300619AB4 /* HomeTableViewController.m */; };
		95BA3F951CE059A800619AB4 /* 隶变体.ttf in Resources */ = {isa = PBXBuildFile; fileRef = 95BA3F941CE059A800619AB4 /* 隶变体.ttf */; };
		D2809EA68F14249B671DEDA7 /* libPods.a in Frameworks */ = {isa = PBXBuildFile; fileRef = 303CADE1199F7BD94626F3CA /* libPods.a */; };
/* End PBXBuildFile section */

/* Begin PBXFileReference section */
		1B721831B612E532B820FF38 /* Pods.debug.xcconfig */ = {isa = PBXFileReference; includeInIndex = 1; lastKnownFileType = text.xcconfig; name = Pods.debug.xcconfig; path = "Pods/Target Support Files/Pods/Pods.debug.xcconfig"; sourceTree = "<group>"; };
		303CADE1199F7BD94626F3CA /* libPods.a */ = {isa = PBXFileReference; explicitFileType = archive.ar; includeInIndex = 0; path = libPods.a; sourceTree = BUILT_PRODUCTS_DIR; };
		95731C1F1CE07BEE00079267 /* AddViewController.h */ = {isa = PBXFileReference; fileEncoding = 4; lastKnownFileType = sourcecode.c.h; path = AddViewController.h; sourceTree = "<group>"; };
		95731C201CE07BEE00079267 /* AddViewController.m */ = {isa = PBXFileReference; fileEncoding = 4; lastKnownFileType = sourcecode.c.objc; path = AddViewController.m; sourceTree = "<group>"; };
		95731C221CE07C1900079267 /* ShowViewController.h */ = {isa = PBXFileReference; fileEncoding = 4; lastKnownFileType = sourcecode.c.h; path = ShowViewController.h; sourceTree = "<group>"; };
		95731C231CE07C1900079267 /* ShowViewController.m */ = {isa = PBXFileReference; fileEncoding = 4; lastKnownFileType = sourcecode.c.objc; path = ShowViewController.m; sourceTree = "<group>"; };
		95731C251CE07C9500079267 /* libsqlite3.tbd */ = {isa = PBXFileReference; lastKnownFileType = "sourcecode.text-based-dylib-definition"; name = libsqlite3.tbd; path = usr/lib/libsqlite3.tbd; sourceTree = SDKROOT; };
		95731C2B1CE0A6A700079267 /* JKDBHelper.h */ = {isa = PBXFileReference; fileEncoding = 4; lastKnownFileType = sourcecode.c.h; path = JKDBHelper.h; sourceTree = "<group>"; };
		95731C2C1CE0A6A700079267 /* JKDBHelper.m */ = {isa = PBXFileReference; fileEncoding = 4; lastKnownFileType = sourcecode.c.objc; path = JKDBHelper.m; sourceTree = "<group>"; };
		95731C2D1CE0A6A700079267 /* JKDBModel.h */ = {isa = PBXFileReference; fileEncoding = 4; lastKnownFileType = sourcecode.c.h; path = JKDBModel.h; sourceTree = "<group>"; };
		95731C2E1CE0A6A700079267 /* JKDBModel.m */ = {isa = PBXFileReference; fileEncoding = 4; lastKnownFileType = sourcecode.c.objc; path = JKDBModel.m; sourceTree = "<group>"; };
		95731C321CE0A7EF00079267 /* FMDatabase.h */ = {isa = PBXFileReference; fileEncoding = 4; lastKnownFileType = sourcecode.c.h; path = FMDatabase.h; sourceTree = "<group>"; };
		95731C331CE0A7EF00079267 /* FMDatabase.m */ = {isa = PBXFileReference; fileEncoding = 4; lastKnownFileType = sourcecode.c.objc; path = FMDatabase.m; sourceTree = "<group>"; };
		95731C341CE0A7EF00079267 /* FMDatabaseAdditions.h */ = {isa = PBXFileReference; fileEncoding = 4; lastKnownFileType = sourcecode.c.h; path = FMDatabaseAdditions.h; sourceTree = "<group>"; };
		95731C351CE0A7EF00079267 /* FMDatabaseAdditions.m */ = {isa = PBXFileReference; fileEncoding = 4; lastKnownFileType = sourcecode.c.objc; path = FMDatabaseAdditions.m; sourceTree = "<group>"; };
		95731C361CE0A7EF00079267 /* FMDatabasePool.h */ = {isa = PBXFileReference; fileEncoding = 4; lastKnownFileType = sourcecode.c.h; path = FMDatabasePool.h; sourceTree = "<group>"; };
		95731C371CE0A7EF00079267 /* FMDatabasePool.m */ = {isa = PBXFileReference; fileEncoding = 4; lastKnownFileType = sourcecode.c.objc; path = FMDatabasePool.m; sourceTree = "<group>"; };
		95731C381CE0A7EF00079267 /* FMDatabaseQueue.h */ = {isa = PBXFileReference; fileEncoding = 4; lastKnownFileType = sourcecode.c.h; path = FMDatabaseQueue.h; sourceTree = "<group>"; };
		95731C391CE0A7EF00079267 /* FMDatabaseQueue.m */ = {isa = PBXFileReference; fileEncoding = 4; lastKnownFileType = sourcecode.c.objc; path = FMDatabaseQueue.m; sourceTree = "<group>"; };
		95731C3A1CE0A7EF00079267 /* FMDB.h */ = {isa = PBXFileReference; fileEncoding = 4; lastKnownFileType = sourcecode.c.h; path = FMDB.h; sourceTree = "<group>"; };
		95731C3B1CE0A7EF00079267 /* FMResultSet.h */ = {isa = PBXFileReference; fileEncoding = 4; lastKnownFileType = sourcecode.c.h; path = FMResultSet.h; sourceTree = "<group>"; };
		95731C3C1CE0A7EF00079267 /* FMResultSet.m */ = {isa = PBXFileReference; fileEncoding = 4; lastKnownFileType = sourcecode.c.objc; path = FMResultSet.m; sourceTree = "<group>"; };
		95BA3F701CE056E500619AB4 /* HoneyTrading.app */ = {isa = PBXFileReference; explicitFileType = wrapper.application; includeInIndex = 0; path = HoneyTrading.app; sourceTree = BUILT_PRODUCTS_DIR; };
		95BA3F741CE056E500619AB4 /* main.m */ = {isa = PBXFileReference; lastKnownFileType = sourcecode.c.objc; path = main.m; sourceTree = "<group>"; };
		95BA3F761CE056E500619AB4 /* AppDelegate.h */ = {isa = PBXFileReference; lastKnownFileType = sourcecode.c.h; path = AppDelegate.h; sourceTree = "<group>"; };
		95BA3F771CE056E500619AB4 /* AppDelegate.m */ = {isa = PBXFileReference; lastKnownFileType = sourcecode.c.objc; path = AppDelegate.m; sourceTree = "<group>"; };
		95BA3F801CE056E500619AB4 /* HoneyTrading.xcdatamodel */ = {isa = PBXFileReference; lastKnownFileType = wrapper.xcdatamodel; path = HoneyTrading.xcdatamodel; sourceTree = "<group>"; };
		95BA3F821CE056E500619AB4 /* Assets.xcassets */ = {isa = PBXFileReference; lastKnownFileType = folder.assetcatalog; path = Assets.xcassets; sourceTree = "<group>"; };
		95BA3F851CE056E500619AB4 /* Base */ = {isa = PBXFileReference; lastKnownFileType = file.storyboard; name = Base; path = Base.lproj/LaunchScreen.storyboard; sourceTree = "<group>"; };
		95BA3F871CE056E500619AB4 /* Info.plist */ = {isa = PBXFileReference; lastKnownFileType = text.plist.xml; path = Info.plist; sourceTree = "<group>"; };
		95BA3F8D1CE0575900619AB4 /* Main.storyboard */ = {isa = PBXFileReference; fileEncoding = 4; lastKnownFileType = file.storyboard; path = Main.storyboard; sourceTree = "<group>"; };
		95BA3F8F1CE0584300619AB4 /* HomeTableViewController.h */ = {isa = PBXFileReference; fileEncoding = 4; lastKnownFileType = sourcecode.c.h; path = HomeTableViewController.h; sourceTree = "<group>"; };
		95BA3F901CE0584300619AB4 /* HomeTableViewController.m */ = {isa = PBXFileReference; fileEncoding = 4; lastKnownFileType = sourcecode.c.objc; path = HomeTableViewController.m; sourceTree = "<group>"; };
		95BA3F921CE058E300619AB4 /* HoneyTrading-Prefix.pch */ = {isa = PBXFileReference; lastKnownFileType = sourcecode.c.h; path = "HoneyTrading-Prefix.pch"; sourceTree = "<group>"; };
		95BA3F931CE0592A00619AB4 /* System.h */ = {isa = PBXFileReference; lastKnownFileType = sourcecode.c.h; path = System.h; sourceTree = "<group>"; };
		95BA3F941CE059A800619AB4 /* 隶变体.ttf */ = {isa = PBXFileReference; lastKnownFileType = file; path = "隶变体.ttf"; sourceTree = "<group>"; };
		D0CCBC64FA53F88DDB218712 /* Pods.release.xcconfig */ = {isa = PBXFileReference; includeInIndex = 1; lastKnownFileType = text.xcconfig; name = Pods.release.xcconfig; path = "Pods/Target Support Files/Pods/Pods.release.xcconfig"; sourceTree = "<group>"; };
/* End PBXFileReference section */

/* Begin PBXFrameworksBuildPhase section */
		95BA3F6D1CE056E500619AB4 /* Frameworks */ = {
			isa = PBXFrameworksBuildPhase;
			buildActionMask = 2147483647;
			files = (
				95731C261CE07C9500079267 /* libsqlite3.tbd in Frameworks */,
				D2809EA68F14249B671DEDA7 /* libPods.a in Frameworks */,
			);
			runOnlyForDeploymentPostprocessing = 0;
		};
/* End PBXFrameworksBuildPhase section */

/* Begin PBXGroup section */
		052CBBA2F4CCE70C3915B1DF /* Pods */ = {
			isa = PBXGroup;
			children = (
				1B721831B612E532B820FF38 /* Pods.debug.xcconfig */,
				D0CCBC64FA53F88DDB218712 /* Pods.release.xcconfig */,
			);
			name = Pods;
			sourceTree = "<group>";
		};
		95731C2A1CE0A6A700079267 /* JKDBModel */ = {
			isa = PBXGroup;
			children = (
				95731C2B1CE0A6A700079267 /* JKDBHelper.h */,
				95731C2C1CE0A6A700079267 /* JKDBHelper.m */,
				95731C2D1CE0A6A700079267 /* JKDBModel.h */,
				95731C2E1CE0A6A700079267 /* JKDBModel.m */,
				95731C311CE0A7EF00079267 /* FMDB */,
			);
			path = JKDBModel;
			sourceTree = "<group>";
		};
		95731C311CE0A7EF00079267 /* FMDB */ = {
			isa = PBXGroup;
			children = (
				95731C321CE0A7EF00079267 /* FMDatabase.h */,
				95731C331CE0A7EF00079267 /* FMDatabase.m */,
				95731C341CE0A7EF00079267 /* FMDatabaseAdditions.h */,
				95731C351CE0A7EF00079267 /* FMDatabaseAdditions.m */,
				95731C361CE0A7EF00079267 /* FMDatabasePool.h */,
				95731C371CE0A7EF00079267 /* FMDatabasePool.m */,
				95731C381CE0A7EF00079267 /* FMDatabaseQueue.h */,
				95731C391CE0A7EF00079267 /* FMDatabaseQueue.m */,
				95731C3A1CE0A7EF00079267 /* FMDB.h */,
				95731C3B1CE0A7EF00079267 /* FMResultSet.h */,
				95731C3C1CE0A7EF00079267 /* FMResultSet.m */,
			);
			path = FMDB;
			sourceTree = "<group>";
		};
		95BA3F671CE056E500619AB4 = {
			isa = PBXGroup;
			children = (
				95BA3F721CE056E500619AB4 /* HoneyTrading */,
				95BA3F711CE056E500619AB4 /* Products */,
				052CBBA2F4CCE70C3915B1DF /* Pods */,
				C367B4265E28599D42D36ABE /* Frameworks */,
			);
			sourceTree = "<group>";
		};
		95BA3F711CE056E500619AB4 /* Products */ = {
			isa = PBXGroup;
			children = (
				95BA3F701CE056E500619AB4 /* HoneyTrading.app */,
			);
			name = Products;
			sourceTree = "<group>";
		};
		95BA3F721CE056E500619AB4 /* HoneyTrading */ = {
			isa = PBXGroup;
			children = (
				95731C2A1CE0A6A700079267 /* JKDBModel */,
				95BA3F761CE056E500619AB4 /* AppDelegate.h */,
				95BA3F771CE056E500619AB4 /* AppDelegate.m */,
				95BA3F8F1CE0584300619AB4 /* HomeTableViewController.h */,
				95BA3F901CE0584300619AB4 /* HomeTableViewController.m */,
				95731C1F1CE07BEE00079267 /* AddViewController.h */,
				95731C201CE07BEE00079267 /* AddViewController.m */,
				95731C221CE07C1900079267 /* ShowViewController.h */,
				95731C231CE07C1900079267 /* ShowViewController.m */,
				95BA3F821CE056E500619AB4 /* Assets.xcassets */,
				95BA3F841CE056E500619AB4 /* LaunchScreen.storyboard */,
				95BA3F8D1CE0575900619AB4 /* Main.storyboard */,
				95BA3F871CE056E500619AB4 /* Info.plist */,
				95BA3F7F1CE056E500619AB4 /* HoneyTrading.xcdatamodeld */,
				95BA3F731CE056E500619AB4 /* Supporting Files */,
			);
			path = HoneyTrading;
			sourceTree = "<group>";
		};
		95BA3F731CE056E500619AB4 /* Supporting Files */ = {
			isa = PBXGroup;
			children = (
				95BA3F941CE059A800619AB4 /* 隶变体.ttf */,
				95BA3F741CE056E500619AB4 /* main.m */,
				95BA3F921CE058E300619AB4 /* HoneyTrading-Prefix.pch */,
				95BA3F931CE0592A00619AB4 /* System.h */,
			);
			name = "Supporting Files";
			sourceTree = "<group>";
		};
		C367B4265E28599D42D36ABE /* Frameworks */ = {
			isa = PBXGroup;
			children = (
				95731C251CE07C9500079267 /* libsqlite3.tbd */,
				303CADE1199F7BD94626F3CA /* libPods.a */,
			);
			name = Frameworks;
			sourceTree = "<group>";
		};
/* End PBXGroup section */

/* Begin PBXNativeTarget section */
		95BA3F6F1CE056E500619AB4 /* HoneyTrading */ = {
			isa = PBXNativeTarget;
			buildConfigurationList = 95BA3F8A1CE056E500619AB4 /* Build configuration list for PBXNativeTarget "HoneyTrading" */;
			buildPhases = (
				763D43C994615FF5D16207E8 /* Check Pods Manifest.lock */,
				95BA3F6C1CE056E500619AB4 /* Sources */,
				95BA3F6D1CE056E500619AB4 /* Frameworks */,
				95BA3F6E1CE056E500619AB4 /* Resources */,
				DB4FCF9FE0988619378B28C4 /* Embed Pods Frameworks */,
				55C704141C30E674671F1780 /* Copy Pods Resources */,
			);
			buildRules = (
			);
			dependencies = (
			);
			name = HoneyTrading;
			productName = HoneyTrading;
			productReference = 95BA3F701CE056E500619AB4 /* HoneyTrading.app */;
			productType = "com.apple.product-type.application";
		};
/* End PBXNativeTarget section */

/* Begin PBXProject section */
		95BA3F681CE056E500619AB4 /* Project object */ = {
			isa = PBXProject;
			attributes = {
				LastUpgradeCheck = 0730;
				ORGANIZATIONNAME = MrXi;
				TargetAttributes = {
					95BA3F6F1CE056E500619AB4 = {
						CreatedOnToolsVersion = 7.3;
					};
				};
			};
			buildConfigurationList = 95BA3F6B1CE056E500619AB4 /* Build configuration list for PBXProject "HoneyTrading" */;
			compatibilityVersion = "Xcode 3.2";
			developmentRegion = English;
			hasScannedForEncodings = 0;
			knownRegions = (
				en,
				Base,
			);
			mainGroup = 95BA3F671CE056E500619AB4;
			productRefGroup = 95BA3F711CE056E500619AB4 /* Products */;
			projectDirPath = "";
			projectRoot = "";
			targets = (
				95BA3F6F1CE056E500619AB4 /* HoneyTrading */,
			);
		};
/* End PBXProject section */

/* Begin PBXResourcesBuildPhase section */
		95BA3F6E1CE056E500619AB4 /* Resources */ = {
			isa = PBXResourcesBuildPhase;
			buildActionMask = 2147483647;
			files = (
				95BA3F951CE059A800619AB4 /* 隶变体.ttf in Resources */,
				95BA3F8E1CE0575900619AB4 /* Main.storyboard in Resources */,
				95BA3F861CE056E500619AB4 /* LaunchScreen.storyboard in Resources */,
				95BA3F831CE056E500619AB4 /* Assets.xcassets in Resources */,
			);
			runOnlyForDeploymentPostprocessing = 0;
		};
/* End PBXResourcesBuildPhase section */

/* Begin PBXShellScriptBuildPhase section */
		55C704141C30E674671F1780 /* Copy Pods Resources */ = {
			isa = PBXShellScriptBuildPhase;
			buildActionMask = 2147483647;
			files = (
			);
			inputPaths = (
			);
			name = "Copy Pods Resources";
			outputPaths = (
			);
			runOnlyForDeploymentPostprocessing = 0;
			shellPath = /bin/sh;
			shellScript = "\"${SRCROOT}/Pods/Target Support Files/Pods/Pods-resources.sh\"\n";
			showEnvVarsInLog = 0;
		};
		763D43C994615FF5D16207E8 /* Check Pods Manifest.lock */ = {
			isa = PBXShellScriptBuildPhase;
			buildActionMask = 2147483647;
			files = (
			);
			inputPaths = (
			);
			name = "Check Pods Manifest.lock";
			outputPaths = (
			);
			runOnlyForDeploymentPostprocessing = 0;
			shellPath = /bin/sh;
			shellScript = "diff \"${PODS_ROOT}/../Podfile.lock\" \"${PODS_ROOT}/Manifest.lock\" > /dev/null\nif [[ $? != 0 ]] ; then\n    cat << EOM\nerror: The sandbox is not in sync with the Podfile.lock. Run 'pod install' or update your CocoaPods installation.\nEOM\n    exit 1\nfi\n";
			showEnvVarsInLog = 0;
		};
		DB4FCF9FE0988619378B28C4 /* Embed Pods Frameworks */ = {
			isa = PBXShellScriptBuildPhase;
			buildActionMask = 2147483647;
			files = (
			);
			inputPaths = (
			);
			name = "Embed Pods Frameworks";
			outputPaths = (
			);
			runOnlyForDeploymentPostprocessing = 0;
			shellPath = /bin/sh;
			shellScript = "\"${SRCROOT}/Pods/Target Support Files/Pods/Pods-frameworks.sh\"\n";
			showEnvVarsInLog = 0;
		};
/* End PBXShellScriptBuildPhase section */

/* Begin PBXSourcesBuildPhase section */
		95BA3F6C1CE056E500619AB4 /* Sources */ = {
			isa = PBXSourcesBuildPhase;
			buildActionMask = 2147483647;
			files = (
				95731C211CE07BEE00079267 /* AddViewController.m in Sources */,
				95731C3F1CE0A7EF00079267 /* FMDatabasePool.m in Sources */,
				95731C411CE0A7EF00079267 /* FMResultSet.m in Sources */,
				95BA3F911CE0584300619AB4 /* HomeTableViewController.m in Sources */,
				95731C2F1CE0A6A700079267 /* JKDBHelper.m in Sources */,
				95731C401CE0A7EF00079267 /* FMDatabaseQueue.m in Sources */,
				95731C3D1CE0A7EF00079267 /* FMDatabase.m in Sources */,
				95BA3F811CE056E500619AB4 /* HoneyTrading.xcdatamodeld in Sources */,
				95BA3F781CE056E500619AB4 /* AppDelegate.m in Sources */,
				95731C301CE0A6A700079267 /* JKDBModel.m in Sources */,
				95731C3E1CE0A7EF00079267 /* FMDatabaseAdditions.m in Sources */,
				95BA3F751CE056E500619AB4 /* main.m in Sources */,
				95731C241CE07C1900079267 /* ShowViewController.m in Sources */,
			);
			runOnlyForDeploymentPostprocessing = 0;
		};
/* End PBXSourcesBuildPhase section */

/* Begin PBXVariantGroup section */
		95BA3F841CE056E500619AB4 /* LaunchScreen.storyboard */ = {
			isa = PBXVariantGroup;
			children = (
				95BA3F851CE056E500619AB4 /* Base */,
			);
			name = LaunchScreen.storyboard;
			sourceTree = "<group>";
		};
/* End PBXVariantGroup section */

/* Begin XCBuildConfiguration section */
		95BA3F881CE056E500619AB4 /* Debug */ = {
			isa = XCBuildConfiguration;
			buildSettings = {
				ALWAYS_SEARCH_USER_PATHS = NO;
				CLANG_ANALYZER_NONNULL = YES;
				CLANG_CXX_LANGUAGE_STANDARD = "gnu++0x";
				CLANG_CXX_LIBRARY = "libc++";
				CLANG_ENABLE_MODULES = YES;
				CLANG_ENABLE_OBJC_ARC = YES;
				CLANG_WARN_BOOL_CONVERSION = YES;
				CLANG_WARN_CONSTANT_CONVERSION = YES;
				CLANG_WARN_DIRECT_OBJC_ISA_USAGE = YES_ERROR;
				CLANG_WARN_EMPTY_BODY = YES;
				CLANG_WARN_ENUM_CONVERSION = YES;
				CLANG_WARN_INT_CONVERSION = YES;
				CLANG_WARN_OBJC_ROOT_CLASS = YES_ERROR;
				CLANG_WARN_UNREACHABLE_CODE = YES;
				CLANG_WARN__DUPLICATE_METHOD_MATCH = YES;
				"CODE_SIGN_IDENTITY[sdk=iphoneos*]" = "iPhone Developer";
				COPY_PHASE_STRIP = NO;
				DEBUG_INFORMATION_FORMAT = dwarf;
				ENABLE_STRICT_OBJC_MSGSEND = YES;
				ENABLE_TESTABILITY = YES;
				GCC_C_LANGUAGE_STANDARD = gnu99;
				GCC_DYNAMIC_NO_PIC = NO;
				GCC_NO_COMMON_BLOCKS = YES;
				GCC_OPTIMIZATION_LEVEL = 0;
				GCC_PREPROCESSOR_DEFINITIONS = (
					"DEBUG=1",
					"$(inherited)",
				);
				GCC_WARN_64_TO_32_BIT_CONVERSION = YES;
				GCC_WARN_ABOUT_RETURN_TYPE = YES_ERROR;
				GCC_WARN_UNDECLARED_SELECTOR = YES;
				GCC_WARN_UNINITIALIZED_AUTOS = YES_AGGRESSIVE;
				GCC_WARN_UNUSED_FUNCTION = YES;
				GCC_WARN_UNUSED_VARIABLE = YES;
				IPHONEOS_DEPLOYMENT_TARGET = 9.3;
				MTL_ENABLE_DEBUG_INFO = YES;
				ONLY_ACTIVE_ARCH = YES;
				SDKROOT = iphoneos;
				TARGETED_DEVICE_FAMILY = "1,2";
			};
			name = Debug;
		};
		95BA3F891CE056E500619AB4 /* Release */ = {
			isa = XCBuildConfiguration;
			buildSettings = {
				ALWAYS_SEARCH_USER_PATHS = NO;
				CLANG_ANALYZER_NONNULL = YES;
				CLANG_CXX_LANGUAGE_STANDARD = "gnu++0x";
				CLANG_CXX_LIBRARY = "libc++";
				CLANG_ENABLE_MODULES = YES;
				CLANG_ENABLE_OBJC_ARC = YES;
				CLANG_WARN_BOOL_CONVERSION = YES;
				CLANG_WARN_CONSTANT_CONVERSION = YES;
				CLANG_WARN_DIRECT_OBJC_ISA_USAGE = YES_ERROR;
				CLANG_WARN_EMPTY_BODY = YES;
				CLANG_WARN_ENUM_CONVERSION = YES;
				CLANG_WARN_INT_CONVERSION = YES;
				CLANG_WARN_OBJC_ROOT_CLASS = YES_ERROR;
				CLANG_WARN_UNREACHABLE_CODE = YES;
				CLANG_WARN__DUPLICATE_METHOD_MATCH = YES;
				"CODE_SIGN_IDENTITY[sdk=iphoneos*]" = "iPhone Developer";
				COPY_PHASE_STRIP = NO;
				DEBUG_INFORMATION_FORMAT = "dwarf-with-dsym";
				ENABLE_NS_ASSERTIONS = NO;
				ENABLE_STRICT_OBJC_MSGSEND = YES;
				GCC_C_LANGUAGE_STANDARD = gnu99;
				GCC_NO_COMMON_BLOCKS = YES;
				GCC_WARN_64_TO_32_BIT_CONVERSION = YES;
				GCC_WARN_ABOUT_RETURN_TYPE = YES_ERROR;
				GCC_WARN_UNDECLARED_SELECTOR = YES;
				GCC_WARN_UNINITIALIZED_AUTOS = YES_AGGRESSIVE;
				GCC_WARN_UNUSED_FUNCTION = YES;
				GCC_WARN_UNUSED_VARIABLE = YES;
				IPHONEOS_DEPLOYMENT_TARGET = 9.3;
				MTL_ENABLE_DEBUG_INFO = NO;
				SDKROOT = iphoneos;
				TARGETED_DEVICE_FAMILY = "1,2";
				VALIDATE_PRODUCT = YES;
			};
			name = Release;
		};
		95BA3F8B1CE056E500619AB4 /* Debug */ = {
			isa = XCBuildConfiguration;
			baseConfigurationReference = 1B721831B612E532B820FF38 /* Pods.debug.xcconfig */;
			buildSettings = {
				ASSETCATALOG_COMPILER_APPICON_NAME = AppIcon;
				INFOPLIST_FILE = HoneyTrading/Info.plist;
				LD_RUNPATH_SEARCH_PATHS = "$(inherited) @executable_path/Frameworks";
				PRODUCT_BUNDLE_IDENTIFIER = MrXi.HoneyTrading;
				PRODUCT_NAME = "$(TARGET_NAME)";
			};
			name = Debug;
		};
		95BA3F8C1CE056E500619AB4 /* Release */ = {
			isa = XCBuildConfiguration;
			baseConfigurationReference = D0CCBC64FA53F88DDB218712 /* Pods.release.xcconfig */;
			buildSettings = {
				ASSETCATALOG_COMPILER_APPICON_NAME = AppIcon;
				INFOPLIST_FILE = HoneyTrading/Info.plist;
				LD_RUNPATH_SEARCH_PATHS = "$(inherited) @executable_path/Frameworks";
				PRODUCT_BUNDLE_IDENTIFIER = MrXi.HoneyTrading;
				PRODUCT_NAME = "$(TARGET_NAME)";
			};
			name = Release;
		};
/* End XCBuildConfiguration section */

/* Begin XCConfigurationList section */
		95BA3F6B1CE056E500619AB4 /* Build configuration list for PBXProject "HoneyTrading" */ = {
			isa = XCConfigurationList;
			buildConfigurations = (
				95BA3F881CE056E500619AB4 /* Debug */,
				95BA3F891CE056E500619AB4 /* Release */,
			);
			defaultConfigurationIsVisible = 0;
			defaultConfigurationName = Release;
		};
		95BA3F8A1CE056E500619AB4 /* Build configuration list for PBXNativeTarget "HoneyTrading" */ = {
			isa = XCConfigurationList;
			buildConfigurations = (
				95BA3F8B1CE056E500619AB4 /* Debug */,
				95BA3F8C1CE056E500619AB4 /* Release */,
			);
			defaultConfigurationIsVisible = 0;
			defaultConfigurationName = Release;
		};
/* End XCConfigurationList section */

/* Begin XCVersionGroup section */
		95BA3F7F1CE056E500619AB4 /* HoneyTrading.xcdatamodeld */ = {
			isa = XCVersionGroup;
			children = (
				95BA3F801CE056E500619AB4 /* HoneyTrading.xcdatamodel */,
			);
			currentVersion = 95BA3F801CE056E500619AB4 /* HoneyTrading.xcdatamodel */;
			path = HoneyTrading.xcdatamodeld;
			sourceTree = "<group>";
			versionGroupType = wrapper.xcdatamodel;
		};
/* End XCVersionGroup section */
	};
	rootObject = 95BA3F681CE056E500619AB4 /* Project object */;
}
